PODS:
  - Nuke (10.7.1)
  - RxCocoa (6.5.0):
    - RxRelay (= 6.5.0)
    - RxSwift (= 6.5.0)
  - RxRelay (6.5.0):
    - RxSwift (= 6.5.0)
  - RxSwift (6.5.0)

DEPENDENCIES:
  - Nuke
  - RxCocoa
  - RxSwift

SPEC REPOS:
  trunk:
    - Nuke
    - RxCocoa
    - RxRelay
    - RxSwift

SPEC CHECKSUMS:
  Nuke: 279f17a599fd1c83cf51de5e0e1f2db143a287b0
  RxCocoa: 94f817b71c07517321eb4f9ad299112ca8af743b
  RxRelay: 1de1523e604c72b6c68feadedd1af3b1b4d0ecbd
  RxSwift: 5710a9e6b17f3c3d6e40d6e559b9fa1e813b2ef8

PODFILE CHECKSUM: 5235487a161c01f31c6d40307764acb77b858e64

COCOAPODS: 1.11.0
